
Microsoft Visual Studio Solution File, Format Version 12.00
# Visual Studio 15
VisualStudioVersion = 15.0.27428.2043
MinimumVisualStudioVersion = 10.0.40219.1
Project("{FAE04EC0-301F-11D3-BF4B-00C04F79EFBC}") = "Ejemplos.Enumerables", "Ejemplos.Enumerables\Ejemplos.Enumerables.csproj", "{CEA6444F-1B1A-4F24-BD0A-622BB4CD9064}"
EndProject
Global
	GlobalSection(SolutionConfigurationPlatforms) = preSolution
		Debug|Any CPU = Debug|Any CPU
		Release|Any CPU = Release|Any CPU
	EndGlobalSection
	GlobalSection(ProjectConfigurationPlatforms) = postSolution
		{CEA6444F-1B1A-4F24-BD0A-622BB4CD9064}.Debug|Any CPU.ActiveCfg = Debug|Any CPU
		{CEA6444F-1B1A-4F24-BD0A-622BB4CD9064}.Debug|Any CPU.Build.0 = Debug|Any CPU
		{CEA6444F-1B1A-4F24-BD0A-622BB4CD9064}.Release|Any CPU.ActiveCfg = Release|Any CPU
		{CEA6444F-1B1A-4F24-BD0A-622BB4CD9064}.Release|Any CPU.Build.0 = Release|Any CPU
	EndGlobalSection
	GlobalSection(SolutionProperties) = preSolution
		HideSolutionNode = FALSE
	EndGlobalSection
	GlobalSection(ExtensibilityGlobals) = postSolution
		SolutionGuid = {B4B9368A-EEDF-4010-A76E-7E4CDE1B9EF0}
	EndGlobalSection
EndGlobal
